
Microsoft Visual Studio Solution File, Format Version 12.00
# Visual Studio Version 17
VisualStudioVersion = 17.0.31903.59
MinimumVisualStudioVersion = 10.0.40219.1
Project("{9A19103F-16F7-4668-BE54-9A1E7A4F7556}") = "HERE.Api.Example", "Here.Api.Example\HERE.Api.Example.csproj", "{CB88323C-FE8C-48CC-BB03-753DE2B310CD}"
EndProject
Project("{9A19103F-16F7-4668-BE54-9A1E7A4F7556}") = "HERE.Api", "Here.Api\HERE.Api.csproj", "{E05E5A9C-41AD-4A8C-B0A2-55E531117F44}"
EndProject
Project("{FAE04EC0-301F-11D3-BF4B-00C04F79EFBC}") = "HERE.GpsSimulator", "HERE.GpsSimulator\HERE.GpsSimulator.csproj", "{CB5A2953-D282-4341-965A-57D98138B376}"
EndProject
Global
	GlobalSection(SolutionConfigurationPlatforms) = preSolution
		Debug|Any CPU = Debug|Any CPU
		Release|Any CPU = Release|Any CPU
	EndGlobalSection
	GlobalSection(ProjectConfigurationPlatforms) = postSolution
		{CB88323C-FE8C-48CC-BB03-753DE2B310CD}.Debug|Any CPU.ActiveCfg = Debug|Any CPU
		{CB88323C-FE8C-48CC-BB03-753DE2B310CD}.Debug|Any CPU.Build.0 = Debug|Any CPU
		{CB88323C-FE8C-48CC-BB03-753DE2B310CD}.Release|Any CPU.ActiveCfg = Release|Any CPU
		{CB88323C-FE8C-48CC-BB03-753DE2B310CD}.Release|Any CPU.Build.0 = Release|Any CPU
		{E05E5A9C-41AD-4A8C-B0A2-55E531117F44}.Debug|Any CPU.ActiveCfg = Debug|Any CPU
		{E05E5A9C-41AD-4A8C-B0A2-55E531117F44}.Debug|Any CPU.Build.0 = Debug|Any CPU
		{E05E5A9C-41AD-4A8C-B0A2-55E531117F44}.Release|Any CPU.ActiveCfg = Release|Any CPU
		{E05E5A9C-41AD-4A8C-B0A2-55E531117F44}.Release|Any CPU.Build.0 = Release|Any CPU
		{CB5A2953-D282-4341-965A-57D98138B376}.Debug|Any CPU.ActiveCfg = Debug|Any CPU
		{CB5A2953-D282-4341-965A-57D98138B376}.Debug|Any CPU.Build.0 = Debug|Any CPU
		{CB5A2953-D282-4341-965A-57D98138B376}.Release|Any CPU.ActiveCfg = Release|Any CPU
		{CB5A2953-D282-4341-965A-57D98138B376}.Release|Any CPU.Build.0 = Release|Any CPU
	EndGlobalSection
	GlobalSection(SolutionProperties) = preSolution
		HideSolutionNode = FALSE
	EndGlobalSection
	GlobalSection(ExtensibilityGlobals) = postSolution
		SolutionGuid = {2E0A6F12-BC6F-419F-A76B-1656AD6966E9}
	EndGlobalSection
EndGlobal
